
Microsoft Visual Studio Solution File, Format Version 12.00
# Visual Studio 14
VisualStudioVersion = 14.0.25420.1
MinimumVisualStudioVersion = 10.0.40219.1
Project("{FAE04EC0-301F-11D3-BF4B-00C04F79EFBC}") = "ReservedCopy", "ReservedCopy\ReservedCopy.csproj", "{F71DE0F5-8503-49D2-B8CB-B7FE9F5D86B7}"
EndProject
Global
	GlobalSection(SolutionConfigurationPlatforms) = preSolution
		Debug|Any CPU = Debug|Any CPU
		Release|Any CPU = Release|Any CPU
	EndGlobalSection
	GlobalSection(ProjectConfigurationPlatforms) = postSolution
		{F71DE0F5-8503-49D2-B8CB-B7FE9F5D86B7}.Debug|Any CPU.ActiveCfg = Debug|Any CPU
		{F71DE0F5-8503-49D2-B8CB-B7FE9F5D86B7}.Debug|Any CPU.Build.0 = Debug|Any CPU
		{F71DE0F5-8503-49D2-B8CB-B7FE9F5D86B7}.Release|Any CPU.ActiveCfg = Release|Any CPU
		{F71DE0F5-8503-49D2-B8CB-B7FE9F5D86B7}.Release|Any CPU.Build.0 = Release|Any CPU
	EndGlobalSection
	GlobalSection(SolutionProperties) = preSolution
		HideSolutionNode = FALSE
	EndGlobalSection
EndGlobal
